dependencies:
- name: argocd-config
  repository: https://charts.cloudnativetoolkit.dev/
  version: 0.18.2
- name: argocd-config
  repository: https://charts.cloudnativetoolkit.dev/
  version: 0.18.2
- name: argocd-config
  repository: https://charts.cloudnativetoolkit.dev/
  version: 0.18.2
digest: sha256:406d41ceb0b39ab144d2c6b46c5894e746bfbea598bc1fab269d0674d3358400
generated: "2021-06-09T23:31:32.397054-05:00"
